// !$*UTF8*$!
{
	archiveVersion = 1;
	classes = {
	};
	objectVersion = 56;
	objects = {

/* Begin PBXBuildFile section */
		F0CFBF2529C21F0C004A03AB /* ScrumdingerApp.swift in Sources */ = {isa = PBXBuildFile; fileRef = F0CFBF2429C21F0C004A03AB /* ScrumdingerApp.swift */; };
		F0CFBF2729C21F0C004A03AB /* MeetingView.swift in Sources */ = {isa = PBXBuildFile; fileRef = F0CFBF2629C21F0C004A03AB /* MeetingView.swift */; };
		F0CFBF2929C21F0D004A03AB /* Assets.xcassets in Resources */ = {isa = PBXBuildFile; fileRef = F0CFBF2829C21F0D004A03AB /* Assets.xcassets */; };
		F0CFBF2C29C21F0D004A03AB /* Preview Assets.xcassets in Resources */ = {isa = PBXBuildFile; fileRef = F0CFBF2B29C21F0D004A03AB /* Preview Assets.xcassets */; };
		F0CFBF3629C21F0D004A03AB /* ScrumdingerTests.swift in Sources */ = {isa = PBXBuildFile; fileRef = F0CFBF3529C21F0D004A03AB /* ScrumdingerTests.swift */; };
		F0CFBF4029C21F0D004A03AB /* ScrumdingerUITests.swift in Sources */ = {isa = PBXBuildFile; fileRef = F0CFBF3F29C21F0D004A03AB /* ScrumdingerUITests.swift */; };
		F0CFBF4229C21F0D004A03AB /* ScrumdingerUITestsLaunchTests.swift in Sources */ = {isa = PBXBuildFile; fileRef = F0CFBF4129C21F0D004A03AB /* ScrumdingerUITestsLaunchTests.swift */; };
		F0CFBF5029C22F59004A03AB /* Theme.swift in Sources */ = {isa = PBXBuildFile; fileRef = F0CFBF4F29C22F59004A03AB /* Theme.swift */; };
		F0CFBF5229C23080004A03AB /* DailyScrum.swift in Sources */ = {isa = PBXBuildFile; fileRef = F0CFBF5129C23080004A03AB /* DailyScrum.swift */; };
		F0CFBF5429C23238004A03AB /* CardView.swift in Sources */ = {isa = PBXBuildFile; fileRef = F0CFBF5329C23238004A03AB /* CardView.swift */; };
		F0CFBF5629C238A9004A03AB /* TrailingIconLabelStyle.swift in Sources */ = {isa = PBXBuildFile; fileRef = F0CFBF5529C238A9004A03AB /* TrailingIconLabelStyle.swift */; };
		F0CFBF5829C23B9A004A03AB /* ScrumsView.swift in Sources */ = {isa = PBXBuildFile; fileRef = F0CFBF5729C23B9A004A03AB /* ScrumsView.swift */; };
		F0CFBF5A29C25BE3004A03AB /* DetailView.swift in Sources */ = {isa = PBXBuildFile; fileRef = F0CFBF5929C25BE3004A03AB /* DetailView.swift */; };
		F0CFBF5C29C26771004A03AB /* DetailEditView.swift in Sources */ = {isa = PBXBuildFile; fileRef = F0CFBF5B29C26771004A03AB /* DetailEditView.swift */; };
/* End PBXBuildFile section */

/* Begin PBXContainerItemProxy section */
		F0CFBF3229C21F0D004A03AB /* PBXContainerItemProxy */ = {
			isa = PBXContainerItemProxy;
			containerPortal = F0CFBF1929C21F0C004A03AB /* Project object */;
			proxyType = 1;
			remoteGlobalIDString = F0CFBF2029C21F0C004A03AB;
			remoteInfo = Scrumdinger;
		};
		F0CFBF3C29C21F0D004A03AB /* PBXContainerItemProxy */ = {
			isa = PBXContainerItemProxy;
			containerPortal = F0CFBF1929C21F0C004A03AB /* Project object */;
			proxyType = 1;
			remoteGlobalIDString = F0CFBF2029C21F0C004A03AB;
			remoteInfo = Scrumdinger;
		};
/* End PBXContainerItemProxy section */

/* Begin PBXFileReference section */
		F0CFBF2129C21F0C004A03AB /* Scrumdinger.app */ = {isa = PBXFileReference; explicitFileType = wrapper.application; includeInIndex = 0; path = Scrumdinger.app; sourceTree = BUILT_PRODUCTS_DIR; };
		F0CFBF2429C21F0C004A03AB /* ScrumdingerApp.swift */ = {isa = PBXFileReference; lastKnownFileType = sourcecode.swift; path = ScrumdingerApp.swift; sourceTree = "<group>"; };
		F0CFBF2629C21F0C004A03AB /* MeetingView.swift */ = {isa = PBXFileReference; lastKnownFileType = sourcecode.swift; path = MeetingView.swift; sourceTree = "<group>"; };
		F0CFBF2829C21F0D004A03AB /* Assets.xcassets */ = {isa = PBXFileReference; lastKnownFileType = folder.assetcatalog; path = Assets.xcassets; sourceTree = "<group>"; };
		F0CFBF2B29C21F0D004A03AB /* Preview Assets.xcassets */ = {isa = PBXFileReference; lastKnownFileType = folder.assetcatalog; path = "Preview Assets.xcassets"; sourceTree = "<group>"; };
		F0CFBF3129C21F0D004A03AB /* ScrumdingerTests.xctest */ = {isa = PBXFileReference; explicitFileType = wrapper.cfbundle; includeInIndex = 0; path = ScrumdingerTests.xctest; sourceTree = BUILT_PRODUCTS_DIR; };
		F0CFBF3529C21F0D004A03AB /* ScrumdingerTests.swift */ = {isa = PBXFileReference; lastKnownFileType = sourcecode.swift; path = ScrumdingerTests.swift; sourceTree = "<group>"; };
		F0CFBF3B29C21F0D004A03AB /* ScrumdingerUITests.xctest */ = {isa = PBXFileReference; explicitFileType = wrapper.cfbundle; includeInIndex = 0; path = ScrumdingerUITests.xctest; sourceTree = BUILT_PRODUCTS_DIR; };
		F0CFBF3F29C21F0D004A03AB /* ScrumdingerUITests.swift */ = {isa = PBXFileReference; lastKnownFileType = sourcecode.swift; path = ScrumdingerUITests.swift; sourceTree = "<group>"; };
		F0CFBF4129C21F0D004A03AB /* ScrumdingerUITestsLaunchTests.swift */ = {isa = PBXFileReference; lastKnownFileType = sourcecode.swift; path = ScrumdingerUITestsLaunchTests.swift; sourceTree = "<group>"; };
		F0CFBF4F29C22F59004A03AB /* Theme.swift */ = {isa = PBXFileReference; lastKnownFileType = sourcecode.swift; path = Theme.swift; sourceTree = "<group>"; };
		F0CFBF5129C23080004A03AB /* DailyScrum.swift */ = {isa = PBXFileReference; lastKnownFileType = sourcecode.swift; path = DailyScrum.swift; sourceTree = "<group>"; };
		F0CFBF5329C23238004A03AB /* CardView.swift */ = {isa = PBXFileReference; lastKnownFileType = sourcecode.swift; path = CardView.swift; sourceTree = "<group>"; };
		F0CFBF5529C238A9004A03AB /* TrailingIconLabelStyle.swift */ = {isa = PBXFileReference; lastKnownFileType = sourcecode.swift; path = TrailingIconLabelStyle.swift; sourceTree = "<group>"; };
		F0CFBF5729C23B9A004A03AB /* ScrumsView.swift */ = {isa = PBXFileReference; lastKnownFileType = sourcecode.swift; path = ScrumsView.swift; sourceTree = "<group>"; };
		F0CFBF5929C25BE3004A03AB /* DetailView.swift */ = {isa = PBXFileReference; lastKnownFileType = sourcecode.swift; path = DetailView.swift; sourceTree = "<group>"; };
		F0CFBF5B29C26771004A03AB /* DetailEditView.swift */ = {isa = PBXFileReference; lastKnownFileType = sourcecode.swift; path = DetailEditView.swift; sourceTree = "<group>"; };
/* End PBXFileReference section */

/* Begin PBXFrameworksBuildPhase section */
		F0CFBF1E29C21F0C004A03AB /* Frameworks */ = {
			isa = PBXFrameworksBuildPhase;
			buildActionMask = 2147483647;
			files = (
			);
			runOnlyForDeploymentPostprocessing = 0;
		};
		F0CFBF2E29C21F0D004A03AB /* Frameworks */ = {
			isa = PBXFrameworksBuildPhase;
			buildActionMask = 2147483647;
			files = (
			);
			runOnlyForDeploymentPostprocessing = 0;
		};
		F0CFBF3829C21F0D004A03AB /* Frameworks */ = {
			isa = PBXFrameworksBuildPhase;
			buildActionMask = 2147483647;
			files = (
			);
			runOnlyForDeploymentPostprocessing = 0;
		};
/* End PBXFrameworksBuildPhase section */

/* Begin PBXGroup section */
		F0CFBF1829C21F0C004A03AB = {
			isa = PBXGroup;
			children = (
				F0CFBF2329C21F0C004A03AB /* Scrumdinger */,
				F0CFBF3429C21F0D004A03AB /* ScrumdingerTests */,
				F0CFBF3E29C21F0D004A03AB /* ScrumdingerUITests */,
				F0CFBF2229C21F0C004A03AB /* Products */,
			);
			sourceTree = "<group>";
		};
		F0CFBF2229C21F0C004A03AB /* Products */ = {
			isa = PBXGroup;
			children = (
				F0CFBF2129C21F0C004A03AB /* Scrumdinger.app */,
				F0CFBF3129C21F0D004A03AB /* ScrumdingerTests.xctest */,
				F0CFBF3B29C21F0D004A03AB /* ScrumdingerUITests.xctest */,
			);
			name = Products;
			sourceTree = "<group>";
		};
		F0CFBF2329C21F0C004A03AB /* Scrumdinger */ = {
			isa = PBXGroup;
			children = (
				F0CFBF4E29C22F3D004A03AB /* Models */,
				F0CFBF2429C21F0C004A03AB /* ScrumdingerApp.swift */,
				F0CFBF2629C21F0C004A03AB /* MeetingView.swift */,
				F0CFBF5329C23238004A03AB /* CardView.swift */,
				F0CFBF5729C23B9A004A03AB /* ScrumsView.swift */,
				F0CFBF5929C25BE3004A03AB /* DetailView.swift */,
				F0CFBF5B29C26771004A03AB /* DetailEditView.swift */,
				F0CFBF5529C238A9004A03AB /* TrailingIconLabelStyle.swift */,
				F0CFBF2829C21F0D004A03AB /* Assets.xcassets */,
				F0CFBF2A29C21F0D004A03AB /* Preview Content */,
			);
			path = Scrumdinger;
			sourceTree = "<group>";
		};
		F0CFBF2A29C21F0D004A03AB /* Preview Content */ = {
			isa = PBXGroup;
			children = (
				F0CFBF2B29C21F0D004A03AB /* Preview Assets.xcassets */,
			);
			path = "Preview Content";
			sourceTree = "<group>";
		};
		F0CFBF3429C21F0D004A03AB /* ScrumdingerTests */ = {
			isa = PBXGroup;
			children = (
				F0CFBF3529C21F0D004A03AB /* ScrumdingerTests.swift */,
			);
			path = ScrumdingerTests;
			sourceTree = "<group>";
		};
		F0CFBF3E29C21F0D004A03AB /* ScrumdingerUITests */ = {
			isa = PBXGroup;
			children = (
				F0CFBF3F29C21F0D004A03AB /* ScrumdingerUITests.swift */,
				F0CFBF4129C21F0D004A03AB /* ScrumdingerUITestsLaunchTests.swift */,
			);
			path = ScrumdingerUITests;
			sourceTree = "<group>";
		};
		F0CFBF4E29C22F3D004A03AB /* Models */ = {
			isa = PBXGroup;
			children = (
				F0CFBF4F29C22F59004A03AB /* Theme.swift */,
				F0CFBF5129C23080004A03AB /* DailyScrum.swift */,
			);
			path = Models;
			sourceTree = "<group>";
		};
/* End PBXGroup section */

/* Begin PBXNativeTarget section */
		F0CFBF2029C21F0C004A03AB /* Scrumdinger */ = {
			isa = PBXNativeTarget;
			buildConfigurationList = F0CFBF4529C21F0D004A03AB /* Build configuration list for PBXNativeTarget "Scrumdinger" */;
			buildPhases = (
				F0CFBF1D29C21F0C004A03AB /* Sources */,
				F0CFBF1E29C21F0C004A03AB /* Frameworks */,
				F0CFBF1F29C21F0C004A03AB /* Resources */,
			);
			buildRules = (
			);
			dependencies = (
			);
			name = Scrumdinger;
			productName = Scrumdinger;
			productReference = F0CFBF2129C21F0C004A03AB /* Scrumdinger.app */;
			productType = "com.apple.product-type.application";
		};
		F0CFBF3029C21F0D004A03AB /* ScrumdingerTests */ = {
			isa = PBXNativeTarget;
			buildConfigurationList = F0CFBF4829C21F0D004A03AB /* Build configuration list for PBXNativeTarget "ScrumdingerTests" */;
			buildPhases = (
				F0CFBF2D29C21F0D004A03AB /* Sources */,
				F0CFBF2E29C21F0D004A03AB /* Frameworks */,
				F0CFBF2F29C21F0D004A03AB /* Resources */,
			);
			buildRules = (
			);
			dependencies = (
				F0CFBF3329C21F0D004A03AB /* PBXTargetDependency */,
			);
			name = ScrumdingerTests;
			productName = ScrumdingerTests;
			productReference = F0CFBF3129C21F0D004A03AB /* ScrumdingerTests.xctest */;
			productType = "com.apple.product-type.bundle.unit-test";
		};
		F0CFBF3A29C21F0D004A03AB /* ScrumdingerUITests */ = {
			isa = PBXNativeTarget;
			buildConfigurationList = F0CFBF4B29C21F0D004A03AB /* Build configuration list for PBXNativeTarget "ScrumdingerUITests" */;
			buildPhases = (
				F0CFBF3729C21F0D004A03AB /* Sources */,
				F0CFBF3829C21F0D004A03AB /* Frameworks */,
				F0CFBF3929C21F0D004A03AB /* Resources */,
			);
			buildRules = (
			);
			dependencies = (
				F0CFBF3D29C21F0D004A03AB /* PBXTargetDependency */,
			);
			name = ScrumdingerUITests;
			productName = ScrumdingerUITests;
			productReference = F0CFBF3B29C21F0D004A03AB /* ScrumdingerUITests.xctest */;
			productType = "com.apple.product-type.bundle.ui-testing";
		};
/* End PBXNativeTarget section */

/* Begin PBXProject section */
		F0CFBF1929C21F0C004A03AB /* Project object */ = {
			isa = PBXProject;
			attributes = {
				BuildIndependentTargetsInParallel = 1;
				LastSwiftUpdateCheck = 1420;
				LastUpgradeCheck = 1420;
				TargetAttributes = {
					F0CFBF2029C21F0C004A03AB = {
						CreatedOnToolsVersion = 14.2;
					};
					F0CFBF3029C21F0D004A03AB = {
						CreatedOnToolsVersion = 14.2;
						TestTargetID = F0CFBF2029C21F0C004A03AB;
					};
					F0CFBF3A29C21F0D004A03AB = {
						CreatedOnToolsVersion = 14.2;
						TestTargetID = F0CFBF2029C21F0C004A03AB;
					};
				};
			};
			buildConfigurationList = F0CFBF1C29C21F0C004A03AB /* Build configuration list for PBXProject "Scrumdinger" */;
			compatibilityVersion = "Xcode 14.0";
			developmentRegion = en;
			hasScannedForEncodings = 0;
			knownRegions = (
				en,
				Base,
			);
			mainGroup = F0CFBF1829C21F0C004A03AB;
			productRefGroup = F0CFBF2229C21F0C004A03AB /* Products */;
			projectDirPath = "";
			projectRoot = "";
			targets = (
				F0CFBF2029C21F0C004A03AB /* Scrumdinger */,
				F0CFBF3029C21F0D004A03AB /* ScrumdingerTests */,
				F0CFBF3A29C21F0D004A03AB /* ScrumdingerUITests */,
			);
		};
/* End PBXProject section */

/* Begin PBXResourcesBuildPhase section */
		F0CFBF1F29C21F0C004A03AB /* Resources */ = {
			isa = PBXResourcesBuildPhase;
			buildActionMask = 2147483647;
			files = (
				F0CFBF2C29C21F0D004A03AB /* Preview Assets.xcassets in Resources */,
				F0CFBF2929C21F0D004A03AB /* Assets.xcassets in Resources */,
			);
			runOnlyForDeploymentPostprocessing = 0;
		};
		F0CFBF2F29C21F0D004A03AB /* Resources */ = {
			isa = PBXResourcesBuildPhase;
			buildActionMask = 2147483647;
			files = (
			);
			runOnlyForDeploymentPostprocessing = 0;
		};
		F0CFBF3929C21F0D004A03AB /* Resources */ = {
			isa = PBXResourcesBuildPhase;
			buildActionMask = 2147483647;
			files = (
			);
			runOnlyForDeploymentPostprocessing = 0;
		};
/* End PBXResourcesBuildPhase section */

/* Begin PBXSourcesBuildPhase section */
		F0CFBF1D29C21F0C004A03AB /* Sources */ = {
			isa = PBXSourcesBuildPhase;
			buildActionMask = 2147483647;
			files = (
				F0CFBF5229C23080004A03AB /* DailyScrum.swift in Sources */,
				F0CFBF5A29C25BE3004A03AB /* DetailView.swift in Sources */,
				F0CFBF5C29C26771004A03AB /* DetailEditView.swift in Sources */,
				F0CFBF5629C238A9004A03AB /* TrailingIconLabelStyle.swift in Sources */,
				F0CFBF5029C22F59004A03AB /* Theme.swift in Sources */,
				F0CFBF5829C23B9A004A03AB /* ScrumsView.swift in Sources */,
				F0CFBF2729C21F0C004A03AB /* MeetingView.swift in Sources */,
				F0CFBF2529C21F0C004A03AB /* ScrumdingerApp.swift in Sources */,
				F0CFBF5429C23238004A03AB /* CardView.swift in Sources */,
			);
			runOnlyForDeploymentPostprocessing = 0;
		};
		F0CFBF2D29C21F0D004A03AB /* Sources */ = {
			isa = PBXSourcesBuildPhase;
			buildActionMask = 2147483647;
			files = (
				F0CFBF3629C21F0D004A03AB /* ScrumdingerTests.swift in Sources */,
			);
			runOnlyForDeploymentPostprocessing = 0;
		};
		F0CFBF3729C21F0D004A03AB /* Sources */ = {
			isa = PBXSourcesBuildPhase;
			buildActionMask = 2147483647;
			files = (
				F0CFBF4229C21F0D004A03AB /* ScrumdingerUITestsLaunchTests.swift in Sources */,
				F0CFBF4029C21F0D004A03AB /* ScrumdingerUITests.swift in Sources */,
			);
			runOnlyForDeploymentPostprocessing = 0;
		};
/* End PBXSourcesBuildPhase section */

/* Begin PBXTargetDependency section */
		F0CFBF3329C21F0D004A03AB /* PBXTargetDependency */ = {
			isa = PBXTargetDependency;
			target = F0CFBF2029C21F0C004A03AB /* Scrumdinger */;
			targetProxy = F0CFBF3229C21F0D004A03AB /* PBXContainerItemProxy */;
		};
		F0CFBF3D29C21F0D004A03AB /* PBXTargetDependency */ = {
			isa = PBXTargetDependency;
			target = F0CFBF2029C21F0C004A03AB /* Scrumdinger */;
			targetProxy = F0CFBF3C29C21F0D004A03AB /* PBXContainerItemProxy */;
		};
/* End PBXTargetDependency section */

/* Begin XCBuildConfiguration section */
		F0CFBF4329C21F0D004A03AB /* Debug */ = {
			isa = XCBuildConfiguration;
			buildSettings = {
				ALWAYS_SEARCH_USER_PATHS = NO;
				CLANG_ANALYZER_NONNULL = YES;
				CLANG_ANALYZER_NUMBER_OBJECT_CONVERSION = YES_AGGRESSIVE;
				CLANG_CXX_LANGUAGE_STANDARD = "gnu++20";
				CLANG_ENABLE_MODULES = YES;
				CLANG_ENABLE_OBJC_ARC = YES;
				CLANG_ENABLE_OBJC_WEAK = YES;
				CLANG_WARN_BLOCK_CAPTURE_AUTORELEASING = YES;
				CLANG_WARN_BOOL_CONVERSION = YES;
				CLANG_WARN_COMMA = YES;
				CLANG_WARN_CONSTANT_CONVERSION = YES;
				CLANG_WARN_DEPRECATED_OBJC_IMPLEMENTATIONS = YES;
				CLANG_WARN_DIRECT_OBJC_ISA_USAGE = YES_ERROR;
				CLANG_WARN_DOCUMENTATION_COMMENTS = YES;
				CLANG_WARN_EMPTY_BODY = YES;
				CLANG_WARN_ENUM_CONVERSION = YES;
				CLANG_WARN_INFINITE_RECURSION = YES;
				CLANG_WARN_INT_CONVERSION = YES;
				CLANG_WARN_NON_LITERAL_NULL_CONVERSION = YES;
				CLANG_WARN_OBJC_IMPLICIT_RETAIN_SELF = YES;
				CLANG_WARN_OBJC_LITERAL_CONVERSION = YES;
				CLANG_WARN_OBJC_ROOT_CLASS = YES_ERROR;
				CLANG_WARN_QUOTED_INCLUDE_IN_FRAMEWORK_HEADER = YES;
				CLANG_WARN_RANGE_LOOP_ANALYSIS = YES;
				CLANG_WARN_STRICT_PROTOTYPES = YES;
				CLANG_WARN_SUSPICIOUS_MOVE = YES;
				CLANG_WARN_UNGUARDED_AVAILABILITY = YES_AGGRESSIVE;
				CLANG_WARN_UNREACHABLE_CODE = YES;
				CLANG_WARN__DUPLICATE_METHOD_MATCH = YES;
				COPY_PHASE_STRIP = NO;
				DEBUG_INFORMATION_FORMAT = dwarf;
				ENABLE_STRICT_OBJC_MSGSEND = YES;
				ENABLE_TESTABILITY = YES;
				GCC_C_LANGUAGE_STANDARD = gnu11;
				GCC_DYNAMIC_NO_PIC = NO;
				GCC_NO_COMMON_BLOCKS = YES;
				GCC_OPTIMIZATION_LEVEL = 0;
				GCC_PREPROCESSOR_DEFINITIONS = (
					"DEBUG=1",
					"$(inherited)",
				);
				GCC_WARN_64_TO_32_BIT_CONVERSION = YES;
				GCC_WARN_ABOUT_RETURN_TYPE = YES_ERROR;
				GCC_WARN_UNDECLARED_SELECTOR = YES;
				GCC_WARN_UNINITIALIZED_AUTOS = YES_AGGRESSIVE;
				GCC_WARN_UNUSED_FUNCTION = YES;
				GCC_WARN_UNUSED_VARIABLE = YES;
				IPHONEOS_DEPLOYMENT_TARGET = 16.2;
				MTL_ENABLE_DEBUG_INFO = INCLUDE_SOURCE;
				MTL_FAST_MATH = YES;
				ONLY_ACTIVE_ARCH = YES;
				SDKROOT = iphoneos;
				SWIFT_ACTIVE_COMPILATION_CONDITIONS = DEBUG;
				SWIFT_OPTIMIZATION_LEVEL = "-Onone";
			};
			name = Debug;
		};
		F0CFBF4429C21F0D004A03AB /* Release */ = {
			isa = XCBuildConfiguration;
			buildSettings = {
				ALWAYS_SEARCH_USER_PATHS = NO;
				CLANG_ANALYZER_NONNULL = YES;
				CLANG_ANALYZER_NUMBER_OBJECT_CONVERSION = YES_AGGRESSIVE;
				CLANG_CXX_LANGUAGE_STANDARD = "gnu++20";
				CLANG_ENABLE_MODULES = YES;
				CLANG_ENABLE_OBJC_ARC = YES;
				CLANG_ENABLE_OBJC_WEAK = YES;
				CLANG_WARN_BLOCK_CAPTURE_AUTORELEASING = YES;
				CLANG_WARN_BOOL_CONVERSION = YES;
				CLANG_WARN_COMMA = YES;
				CLANG_WARN_CONSTANT_CONVERSION = YES;
				CLANG_WARN_DEPRECATED_OBJC_IMPLEMENTATIONS = YES;
				CLANG_WARN_DIRECT_OBJC_ISA_USAGE = YES_ERROR;
				CLANG_WARN_DOCUMENTATION_COMMENTS = YES;
				CLANG_WARN_EMPTY_BODY = YES;
				CLANG_WARN_ENUM_CONVERSION = YES;
				CLANG_WARN_INFINITE_RECURSION = YES;
				CLANG_WARN_INT_CONVERSION = YES;
				CLANG_WARN_NON_LITERAL_NULL_CONVERSION = YES;
				CLANG_WARN_OBJC_IMPLICIT_RETAIN_SELF = YES;
				CLANG_WARN_OBJC_LITERAL_CONVERSION = YES;
				CLANG_WARN_OBJC_ROOT_CLASS = YES_ERROR;
				CLANG_WARN_QUOTED_INCLUDE_IN_FRAMEWORK_HEADER = YES;
				CLANG_WARN_RANGE_LOOP_ANALYSIS = YES;
				CLANG_WARN_STRICT_PROTOTYPES = YES;
				CLANG_WARN_SUSPICIOUS_MOVE = YES;
				CLANG_WARN_UNGUARDED_AVAILABILITY = YES_AGGRESSIVE;
				CLANG_WARN_UNREACHABLE_CODE = YES;
				CLANG_WARN__DUPLICATE_METHOD_MATCH = YES;
				COPY_PHASE_STRIP = NO;
				DEBUG_INFORMATION_FORMAT = "dwarf-with-dsym";
				ENABLE_NS_ASSERTIONS = NO;
				ENABLE_STRICT_OBJC_MSGSEND = YES;
				GCC_C_LANGUAGE_STANDARD = gnu11;
				GCC_NO_COMMON_BLOCKS = YES;
				GCC_WARN_64_TO_32_BIT_CONVERSION = YES;
				GCC_WARN_ABOUT_RETURN_TYPE = YES_ERROR;
				GCC_WARN_UNDECLARED_SELECTOR = YES;
				GCC_WARN_UNINITIALIZED_AUTOS = YES_AGGRESSIVE;
				GCC_WARN_UNUSED_FUNCTION = YES;
				GCC_WARN_UNUSED_VARIABLE = YES;
				IPHONEOS_DEPLOYMENT_TARGET = 16.2;
				MTL_ENABLE_DEBUG_INFO = NO;
				MTL_FAST_MATH = YES;
				SDKROOT = iphoneos;
				SWIFT_COMPILATION_MODE = wholemodule;
				SWIFT_OPTIMIZATION_LEVEL = "-O";
				VALIDATE_PRODUCT = YES;
			};
			name = Release;
		};
		F0CFBF4629C21F0D004A03AB /* Debug */ = {
			isa = XCBuildConfiguration;
			buildSettings = {
				ASSETCATALOG_COMPILER_APPICON_NAME = AppIcon;
				ASSETCATALOG_COMPILER_GLOBAL_ACCENT_COLOR_NAME = AccentColor;
				CODE_SIGN_STYLE = Automatic;
				CURRENT_PROJECT_VERSION = 1;
				DEVELOPMENT_ASSET_PATHS = "\"Scrumdinger/Preview Content\"";
				ENABLE_PREVIEWS = YES;
				GENERATE_INFOPLIST_FILE = YES;
				INFOPLIST_KEY_UIApplicationSceneManifest_Generation = YES;
				INFOPLIST_KEY_UIApplicationSupportsIndirectInputEvents = YES;
				INFOPLIST_KEY_UILaunchScreen_Generation = YES;
				INFOPLIST_KEY_UISupportedInterfaceOrientations_iPad = "UIInterfaceOrientationPortrait UIInterfaceOrientationPortraitUpsideDown UIInterfaceOrientationLandscapeLeft UIInterfaceOrientationLandscapeRight";
				INFOPLIST_KEY_UISupportedInterfaceOrientations_iPhone = "UIInterfaceOrientationPortrait UIInterfaceOrientationLandscapeLeft UIInterfaceOrientationLandscapeRight";
				LD_RUNPATH_SEARCH_PATHS = (
					"$(inherited)",
					"@executable_path/Frameworks",
				);
				MARKETING_VERSION = 1.0;
				PRODUCT_BUNDLE_IDENTIFIER = Mi.Scrumdinger;
				PRODUCT_NAME = "$(TARGET_NAME)";
				SWIFT_EMIT_LOC_STRINGS = YES;
				SWIFT_VERSION = 5.0;
				TARGETED_DEVICE_FAMILY = "1,2";
			};
			name = Debug;
		};
		F0CFBF4729C21F0D004A03AB /* Release */ = {
			isa = XCBuildConfiguration;
			buildSettings = {
				ASSETCATALOG_COMPILER_APPICON_NAME = AppIcon;
				ASSETCATALOG_COMPILER_GLOBAL_ACCENT_COLOR_NAME = AccentColor;
				CODE_SIGN_STYLE = Automatic;
				CURRENT_PROJECT_VERSION = 1;
				DEVELOPMENT_ASSET_PATHS = "\"Scrumdinger/Preview Content\"";
				ENABLE_PREVIEWS = YES;
				GENERATE_INFOPLIST_FILE = YES;
				INFOPLIST_KEY_UIApplicationSceneManifest_Generation = YES;
				INFOPLIST_KEY_UIApplicationSupportsIndirectInputEvents = YES;
				INFOPLIST_KEY_UILaunchScreen_Generation = YES;
				INFOPLIST_KEY_UISupportedInterfaceOrientations_iPad = "UIInterfaceOrientationPortrait UIInterfaceOrientationPortraitUpsideDown UIInterfaceOrientationLandscapeLeft UIInterfaceOrientationLandscapeRight";
				INFOPLIST_KEY_UISupportedInterfaceOrientations_iPhone = "UIInterfaceOrientationPortrait UIInterfaceOrientationLandscapeLeft UIInterfaceOrientationLandscapeRight";
				LD_RUNPATH_SEARCH_PATHS = (
					"$(inherited)",
					"@executable_path/Frameworks",
				);
				MARKETING_VERSION = 1.0;
				PRODUCT_BUNDLE_IDENTIFIER = Mi.Scrumdinger;
				PRODUCT_NAME = "$(TARGET_NAME)";
				SWIFT_EMIT_LOC_STRINGS = YES;
				SWIFT_VERSION = 5.0;
				TARGETED_DEVICE_FAMILY = "1,2";
			};
			name = Release;
		};
		F0CFBF4929C21F0D004A03AB /* Debug */ = {
			isa = XCBuildConfiguration;
			buildSettings = {
				ALWAYS_EMBED_SWIFT_STANDARD_LIBRARIES = YES;
				BUNDLE_LOADER = "$(TEST_HOST)";
				CODE_SIGN_STYLE = Automatic;
				CURRENT_PROJECT_VERSION = 1;
				GENERATE_INFOPLIST_FILE = YES;
				IPHONEOS_DEPLOYMENT_TARGET = 16.2;
				MARKETING_VERSION = 1.0;
				PRODUCT_BUNDLE_IDENTIFIER = Mi.ScrumdingerTests;
				PRODUCT_NAME = "$(TARGET_NAME)";
				SWIFT_EMIT_LOC_STRINGS = NO;
				SWIFT_VERSION = 5.0;
				TARGETED_DEVICE_FAMILY = "1,2";
				TEST_HOST = "$(BUILT_PRODUCTS_DIR)/Scrumdinger.app/$(BUNDLE_EXECUTABLE_FOLDER_PATH)/Scrumdinger";
			};
			name = Debug;
		};
		F0CFBF4A29C21F0D004A03AB /* Release */ = {
			isa = XCBuildConfiguration;
			buildSettings = {
				ALWAYS_EMBED_SWIFT_STANDARD_LIBRARIES = YES;
				BUNDLE_LOADER = "$(TEST_HOST)";
				CODE_SIGN_STYLE = Automatic;
				CURRENT_PROJECT_VERSION = 1;
				GENERATE_INFOPLIST_FILE = YES;
				IPHONEOS_DEPLOYMENT_TARGET = 16.2;
				MARKETING_VERSION = 1.0;
				PRODUCT_BUNDLE_IDENTIFIER = Mi.ScrumdingerTests;
				PRODUCT_NAME = "$(TARGET_NAME)";
				SWIFT_EMIT_LOC_STRINGS = NO;
				SWIFT_VERSION = 5.0;
				TARGETED_DEVICE_FAMILY = "1,2";
				TEST_HOST = "$(BUILT_PRODUCTS_DIR)/Scrumdinger.app/$(BUNDLE_EXECUTABLE_FOLDER_PATH)/Scrumdinger";
			};
			name = Release;
		};
		F0CFBF4C29C21F0D004A03AB /* Debug */ = {
			isa = XCBuildConfiguration;
			buildSettings = {
				ALWAYS_EMBED_SWIFT_STANDARD_LIBRARIES = YES;
				CODE_SIGN_STYLE = Automatic;
				CURRENT_PROJECT_VERSION = 1;
				GENERATE_INFOPLIST_FILE = YES;
				MARKETING_VERSION = 1.0;
				PRODUCT_BUNDLE_IDENTIFIER = Mi.ScrumdingerUITests;
				PRODUCT_NAME = "$(TARGET_NAME)";
				SWIFT_EMIT_LOC_STRINGS = NO;
				SWIFT_VERSION = 5.0;
				TARGETED_DEVICE_FAMILY = "1,2";
				TEST_TARGET_NAME = Scrumdinger;
			};
			name = Debug;
		};
		F0CFBF4D29C21F0D004A03AB /* Release */ = {
			isa = XCBuildConfiguration;
			buildSettings = {
				ALWAYS_EMBED_SWIFT_STANDARD_LIBRARIES = YES;
				CODE_SIGN_STYLE = Automatic;
				CURRENT_PROJECT_VERSION = 1;
				GENERATE_INFOPLIST_FILE = YES;
				MARKETING_VERSION = 1.0;
				PRODUCT_BUNDLE_IDENTIFIER = Mi.ScrumdingerUITests;
				PRODUCT_NAME = "$(TARGET_NAME)";
				SWIFT_EMIT_LOC_STRINGS = NO;
				SWIFT_VERSION = 5.0;
				TARGETED_DEVICE_FAMILY = "1,2";
				TEST_TARGET_NAME = Scrumdinger;
			};
			name = Release;
		};
/* End XCBuildConfiguration section */

/* Begin XCConfigurationList section */
		F0CFBF1C29C21F0C004A03AB /* Build configuration list for PBXProject "Scrumdinger" */ = {
			isa = XCConfigurationList;
			buildConfigurations = (
				F0CFBF4329C21F0D004A03AB /* Debug */,
				F0CFBF4429C21F0D004A03AB /* Release */,
			);
			defaultConfigurationIsVisible = 0;
			defaultConfigurationName = Release;
		};
		F0CFBF4529C21F0D004A03AB /* Build configuration list for PBXNativeTarget "Scrumdinger" */ = {
			isa = XCConfigurationList;
			buildConfigurations = (
				F0CFBF4629C21F0D004A03AB /* Debug */,
				F0CFBF4729C21F0D004A03AB /* Release */,
			);
			defaultConfigurationIsVisible = 0;
			defaultConfigurationName = Release;
		};
		F0CFBF4829C21F0D004A03AB /* Build configuration list for PBXNativeTarget "ScrumdingerTests" */ = {
			isa = XCConfigurationList;
			buildConfigurations = (
				F0CFBF4929C21F0D004A03AB /* Debug */,
				F0CFBF4A29C21F0D004A03AB /* Release */,
			);
			defaultConfigurationIsVisible = 0;
			defaultConfigurationName = Release;
		};
		F0CFBF4B29C21F0D004A03AB /* Build configuration list for PBXNativeTarget "ScrumdingerUITests" */ = {
			isa = XCConfigurationList;
			buildConfigurations = (
				F0CFBF4C29C21F0D004A03AB /* Debug */,
				F0CFBF4D29C21F0D004A03AB /* Release */,
			);
			defaultConfigurationIsVisible = 0;
			defaultConfigurationName = Release;
		};
/* End XCConfigurationList section */
	};
	rootObject = F0CFBF1929C21F0C004A03AB /* Project object */;
}
